
Microsoft Visual Studio Solution File, Format Version 12.00
# Visual Studio 14
VisualStudioVersion = 14.0.25420.1
MinimumVisualStudioVersion = 10.0.40219.1
Project("{656346D9-4656-40DA-A068-22D5425D4639}") = "FXGen", "FXGen.elements", "{310F5ACD-1CA1-4619-B456-97E83FC44EFF}"
EndProject
Global
	GlobalSection(SolutionConfigurationPlatforms) = preSolution
		Debug|Default = Debug|Default
		Release|Default = Release|Default
	EndGlobalSection
	GlobalSection(ProjectConfigurationPlatforms) = postSolution
		{310F5ACD-1CA1-4619-B456-97E83FC44EFF}.Debug|Default.ActiveCfg = Debug
		{310F5ACD-1CA1-4619-B456-97E83FC44EFF}.Debug|Default.Build.0 = Debug
		{310F5ACD-1CA1-4619-B456-97E83FC44EFF}.Release|Default.ActiveCfg = Release
		{310F5ACD-1CA1-4619-B456-97E83FC44EFF}.Release|Default.Build.0 = Release
	EndGlobalSection
	GlobalSection(SolutionProperties) = preSolution
		HideSolutionNode = FALSE
	EndGlobalSection
EndGlobal
